{
	"name": "ast-lab-types",
	"version": "1.0.0-alpha.3",
	"lockfileVersion": 1,
	"requires": true,
	"dependencies": {
		"@babel/parser": {
			"version": "7.7.5",
			"resolved": "https://registry.npmjs.org/@babel/parser/-/parser-7.7.5.tgz",
			"integrity": "sha512-KNlOe9+/nk4i29g0VXgl8PEXIRms5xKLJeuZ6UptN0fHv+jDiriG+y94X6qAgWTR0h3KaoM1wK5G5h7MHFRSig==",
			"dev": true
		}
	}
}
