{
	"name": "hunt-affected",
	"version": "1.0.0-alpha",
	"lockfileVersion": 1,
	"requires": true,
	"dependencies": {
		"@babel/parser": {
			"version": "7.8.3",
			"resolved": "https://registry.npmjs.org/@babel/parser/-/parser-7.8.3.tgz",
			"integrity": "sha512-/V72F4Yp/qmHaTALizEm9Gf2eQHV3QyTL3K0cNfijwnMnb1L+LDlAubb/ZnSdGAVzVSWakujHYs1I26x66sMeQ==",
			"dev": true
		},
		"@types/debug": {
			"version": "4.1.5",
			"resolved": "https://registry.npmjs.org/@types/debug/-/debug-4.1.5.tgz",
			"integrity": "sha512-Q1y515GcOdTHgagaVFhHnIFQ38ygs/kmxdNpvpou+raI9UO3YZcHDngBSYKQklcKlvA7iuQlmIKbzvmxcOE9CQ==",
			"dev": true
		},
		"@types/enhanced-resolve": {
			"version": "3.0.6",
			"resolved": "https://registry.npmjs.org/@types/enhanced-resolve/-/enhanced-resolve-3.0.6.tgz",
			"integrity": "sha512-mAWc6JpDiA6GnPCF5023YSGMa/E7baMvLs+HtT9E6Z52lUds3pthf4APhVQpbmV6sZTrbASgBEDdh70eGWTJFw==",
			"dev": true,
			"requires": {
				"@types/node": "*",
				"@types/tapable": "^0"
			}
		},
		"@types/node": {
			"version": "13.1.2",
			"resolved": "https://registry.npmjs.org/@types/node/-/node-13.1.2.tgz",
			"integrity": "sha512-B8emQA1qeKerqd1dmIsQYnXi+mmAzTB7flExjmy5X1aVAKFNNNDubkavwR13kR6JnpeLp3aLoJhwn9trWPAyFQ==",
			"dev": true
		},
		"@types/tapable": {
			"version": "0.2.5",
			"resolved": "https://registry.npmjs.org/@types/tapable/-/tapable-0.2.5.tgz",
			"integrity": "sha512-dEoVvo/I9QFomyhY+4Q6Qk+I+dhG59TYceZgC6Q0mCifVPErx6Y83PNTKGDS5e9h9Eti6q0S2mm16BU6iQK+3w==",
			"dev": true
		},
		"commander": {
			"version": "4.1.0",
			"resolved": "https://registry.npmjs.org/commander/-/commander-4.1.0.tgz",
			"integrity": "sha512-NIQrwvv9V39FHgGFm36+U9SMQzbiHvU79k+iADraJTpmrFFfx7Ds0IvDoAdZsDrknlkRk14OYoWXb57uTh7/sw=="
		},
		"core-util-is": {
			"version": "1.0.2",
			"resolved": "https://registry.npmjs.org/core-util-is/-/core-util-is-1.0.2.tgz",
			"integrity": "sha1-tf1UIgqivFq1eqtxQMlAdUUDwac="
		},
		"debug": {
			"version": "4.1.1",
			"resolved": "https://registry.npmjs.org/debug/-/debug-4.1.1.tgz",
			"integrity": "sha512-pYAIzeRo8J6KPEaJ0VWOh5Pzkbw/RetuzehGM7QRRX5he4fPHx2rdKMB256ehJCkX+XRQm16eZLqLNS8RSZXZw==",
			"requires": {
				"ms": "^2.1.1"
			}
		},
		"enhanced-resolve": {
			"version": "4.1.1",
			"resolved": "https://registry.npmjs.org/enhanced-resolve/-/enhanced-resolve-4.1.1.tgz",
			"integrity": "sha512-98p2zE+rL7/g/DzMHMTF4zZlCgeVdJ7yr6xzEpJRYwFYrGi9ANdn5DnJURg6RpBkyk60XYDnWIv51VfIhfNGuA==",
			"requires": {
				"graceful-fs": "^4.1.2",
				"memory-fs": "^0.5.0",
				"tapable": "^1.0.0"
			}
		},
		"errno": {
			"version": "0.1.7",
			"resolved": "https://registry.npmjs.org/errno/-/errno-0.1.7.tgz",
			"integrity": "sha512-MfrRBDWzIWifgq6tJj60gkAwtLNb6sQPlcFrSOflcP1aFmmruKQ2wRnze/8V6kgyz7H3FF8Npzv78mZ7XLLflg==",
			"requires": {
				"prr": "~1.0.1"
			}
		},
		"graceful-fs": {
			"version": "4.2.3",
			"resolved": "https://registry.npmjs.org/graceful-fs/-/graceful-fs-4.2.3.tgz",
			"integrity": "sha512-a30VEBm4PEdx1dRB7MFK7BejejvCvBronbLjht+sHuGYj8PHs7M/5Z+rt5lw551vZ7yfTCj4Vuyy3mSJytDWRQ=="
		},
		"inherits": {
			"version": "2.0.4",
			"resolved": "https://registry.npmjs.org/inherits/-/inherits-2.0.4.tgz",
			"integrity": "sha512-k/vGaX4/Yla3WzyMCvTQOXYeIHvqOKtnqBduzTHpzpQZzAskKMhZ2K+EnBiSM9zGSoIFeMpXKxa4dYeZIQqewQ=="
		},
		"isarray": {
			"version": "1.0.0",
			"resolved": "https://registry.npmjs.org/isarray/-/isarray-1.0.0.tgz",
			"integrity": "sha1-u5NdSFgsuhaMBoNJV6VKPgcSTxE="
		},
		"memory-fs": {
			"version": "0.5.0",
			"resolved": "https://registry.npmjs.org/memory-fs/-/memory-fs-0.5.0.tgz",
			"integrity": "sha512-jA0rdU5KoQMC0e6ppoNRtpp6vjFq6+NY7r8hywnC7V+1Xj/MtHwGIbB1QaK/dunyjWteJzmkpd7ooeWg10T7GA==",
			"requires": {
				"errno": "^0.1.3",
				"readable-stream": "^2.0.1"
			}
		},
		"ms": {
			"version": "2.1.2",
			"resolved": "https://registry.npmjs.org/ms/-/ms-2.1.2.tgz",
			"integrity": "sha512-sGkPx+VjMtmA6MX27oA4FBFELFCZZ4S4XqeGOXCv68tT+jb3vk/RyaKWP0PTKyWtmLSM0b+adUTEvbs1PEaH2w=="
		},
		"process-nextick-args": {
			"version": "2.0.1",
			"resolved": "https://registry.npmjs.org/process-nextick-args/-/process-nextick-args-2.0.1.tgz",
			"integrity": "sha512-3ouUOpQhtgrbOa17J7+uxOTpITYWaGP7/AhoR3+A+/1e9skrzelGi/dXzEYyvbxubEF6Wn2ypscTKiKJFFn1ag=="
		},
		"prr": {
			"version": "1.0.1",
			"resolved": "https://registry.npmjs.org/prr/-/prr-1.0.1.tgz",
			"integrity": "sha1-0/wRS6BplaRexok/SEzrHXj19HY="
		},
		"readable-stream": {
			"version": "2.3.6",
			"resolved": "https://registry.npmjs.org/readable-stream/-/readable-stream-2.3.6.tgz",
			"integrity": "sha512-tQtKA9WIAhBF3+VLAseyMqZeBjW0AHJoxOtYqSUZNJxauErmLbVm2FW1y+J/YA9dUrAC39ITejlZWhVIwawkKw==",
			"requires": {
				"core-util-is": "~1.0.0",
				"inherits": "~2.0.3",
				"isarray": "~1.0.0",
				"process-nextick-args": "~2.0.0",
				"safe-buffer": "~5.1.1",
				"string_decoder": "~1.1.1",
				"util-deprecate": "~1.0.1"
			}
		},
		"safe-buffer": {
			"version": "5.1.2",
			"resolved": "https://registry.npmjs.org/safe-buffer/-/safe-buffer-5.1.2.tgz",
			"integrity": "sha512-Gd2UZBJDkXlY7GbJxfsE8/nvKkUEU1G38c1siN6QP6a9PT9MmHB8GnpscSmMJSoF8LOIrt8ud/wPtojys4G6+g=="
		},
		"string_decoder": {
			"version": "1.1.1",
			"resolved": "https://registry.npmjs.org/string_decoder/-/string_decoder-1.1.1.tgz",
			"integrity": "sha512-n/ShnvDi6FHbbVfviro+WojiFzv+s8MPMHBczVePfUpDJLwoLT0ht1l4YwBCbi8pJAveEEdnkHyPyTP/mzRfwg==",
			"requires": {
				"safe-buffer": "~5.1.0"
			}
		},
		"tapable": {
			"version": "1.1.3",
			"resolved": "https://registry.npmjs.org/tapable/-/tapable-1.1.3.tgz",
			"integrity": "sha512-4WK/bYZmj8xLr+HUCODHGF1ZFzsYffasLUgEiMBY4fgtltdO6B4WJtlSbPaDTLpYTcGVwM2qLnFTICEcNxs3kA=="
		},
		"util-deprecate": {
			"version": "1.0.2",
			"resolved": "https://registry.npmjs.org/util-deprecate/-/util-deprecate-1.0.2.tgz",
			"integrity": "sha1-RQ1Nyfpw3nMnYvvS1KKJgUGaDM8="
		}
	}
}
